
Microsoft Visual Studio Solution File, Format Version 12.00
# Visual Studio 15
VisualStudioVersion = 15.0.28307.572
MinimumVisualStudioVersion = 10.0.40219.1
Project("{FAE04EC0-301F-11D3-BF4B-00C04F79EFBC}") = "Minezite", "Minezite\Minezite.csproj", "{211BEC5E-D7CE-417D-97D3-BE4E1E076014}"
EndProject
Global
	GlobalSection(SolutionConfigurationPlatforms) = preSolution
		Debug|Any CPU = Debug|Any CPU
		Release|Any CPU = Release|Any CPU
	EndGlobalSection
	GlobalSection(ProjectConfigurationPlatforms) = postSolution
		{211BEC5E-D7CE-417D-97D3-BE4E1E076014}.Debug|Any CPU.ActiveCfg = Debug|Any CPU
		{211BEC5E-D7CE-417D-97D3-BE4E1E076014}.Debug|Any CPU.Build.0 = Debug|Any CPU
		{211BEC5E-D7CE-417D-97D3-BE4E1E076014}.Release|Any CPU.ActiveCfg = Release|Any CPU
		{211BEC5E-D7CE-417D-97D3-BE4E1E076014}.Release|Any CPU.Build.0 = Release|Any CPU
	EndGlobalSection
	GlobalSection(SolutionProperties) = preSolution
		HideSolutionNode = FALSE
	EndGlobalSection
	GlobalSection(ExtensibilityGlobals) = postSolution
		SolutionGuid = {273536FB-628A-4104-B6E2-CC0B70384392}
	EndGlobalSection
EndGlobal
